
Microsoft Visual Studio Solution File, Format Version 12.00
# Visual Studio Version 17
VisualStudioVersion = 17.0.31903.59
MinimumVisualStudioVersion = 10.0.40219.1
Project("{2150E333-8FDC-42A3-9474-1A3956D46DE8}") = "src", "src", "{31B3E55A-5CF0-46E2-B04C-A885DA837471}"
EndProject
Project("{FAE04EC0-301F-11D3-BF4B-00C04F79EFBC}") = "Octadock.LicenseService", "src\Octadock.LicenseService\Octadock.LicenseService.csproj", "{D8D67C32-FF5D-4B3C-82BB-F3EE10E2BE8D}"
EndProject
Project("{2150E333-8FDC-42A3-9474-1A3956D46DE8}") = "tests", "tests", "{FCEC4CBB-A1AA-4A2C-B255-CE11DD212C82}"
EndProject
Project("{FAE04EC0-301F-11D3-BF4B-00C04F79EFBC}") = "Octadock.LicenseService.Tests", "tests\Octadock.LicenseService.Tests\Octadock.LicenseService.Tests.csproj", "{7EC3A2FD-9F10-4FEC-A034-4067C5215172}"
EndProject
Global
	GlobalSection(SolutionConfigurationPlatforms) = preSolution
		Debug|Any CPU = Debug|Any CPU
		Release|Any CPU = Release|Any CPU
	EndGlobalSection
	GlobalSection(SolutionProperties) = preSolution
		HideSolutionNode = FALSE
	EndGlobalSection
	GlobalSection(ProjectConfigurationPlatforms) = postSolution
		{D8D67C32-FF5D-4B3C-82BB-F3EE10E2BE8D}.Debug|Any CPU.ActiveCfg = Debug|Any CPU
		{D8D67C32-FF5D-4B3C-82BB-F3EE10E2BE8D}.Debug|Any CPU.Build.0 = Debug|Any CPU
		{D8D67C32-FF5D-4B3C-82BB-F3EE10E2BE8D}.Release|Any CPU.ActiveCfg = Release|Any CPU
		{D8D67C32-FF5D-4B3C-82BB-F3EE10E2BE8D}.Release|Any CPU.Build.0 = Release|Any CPU
		{7EC3A2FD-9F10-4FEC-A034-4067C5215172}.Debug|Any CPU.ActiveCfg = Debug|Any CPU
		{7EC3A2FD-9F10-4FEC-A034-4067C5215172}.Debug|Any CPU.Build.0 = Debug|Any CPU
		{7EC3A2FD-9F10-4FEC-A034-4067C5215172}.Release|Any CPU.ActiveCfg = Release|Any CPU
		{7EC3A2FD-9F10-4FEC-A034-4067C5215172}.Release|Any CPU.Build.0 = Release|Any CPU
	EndGlobalSection
	GlobalSection(NestedProjects) = preSolution
		{D8D67C32-FF5D-4B3C-82BB-F3EE10E2BE8D} = {31B3E55A-5CF0-46E2-B04C-A885DA837471}
		{7EC3A2FD-9F10-4FEC-A034-4067C5215172} = {FCEC4CBB-A1AA-4A2C-B255-CE11DD212C82}
	EndGlobalSection
EndGlobal
